// !$*UTF8*$!
{
	archiveVersion = 1;
	classes = {
	};
	objectVersion = 46;
	objects = {

/* Begin PBXBuildFile section */
		2658EDDD1C538F280063CE75 /* AppDelegate.swift in Sources */ = {isa = PBXBuildFile; fileRef = 2658EDDC1C538F280063CE75 /* AppDelegate.swift */; };
		2658EDDF1C538F280063CE75 /* ViewController.swift in Sources */ = {isa = PBXBuildFile; fileRef = 2658EDDE1C538F280063CE75 /* ViewController.swift */; };
		2658EDE21C538F280063CE75 /* Main.storyboard in Resources */ = {isa = PBXBuildFile; fileRef = 2658EDE01C538F280063CE75 /* Main.storyboard */; };
		2658EDE41C538F280063CE75 /* Assets.xcassets in Resources */ = {isa = PBXBuildFile; fileRef = 2658EDE31C538F280063CE75 /* Assets.xcassets */; };
		2658EDE71C538F280063CE75 /* LaunchScreen.storyboard in Resources */ = {isa = PBXBuildFile; fileRef = 2658EDE51C538F280063CE75 /* LaunchScreen.storyboard */; };
		2658EDEF1C53A3D30063CE75 /* urldict.plist in Resources */ = {isa = PBXBuildFile; fileRef = 2658EDEE1C53A3D30063CE75 /* urldict.plist */; };
		2658EDF11C5417030063CE75 /* Settings.bundle in Resources */ = {isa = PBXBuildFile; fileRef = 2658EDF01C5417030063CE75 /* Settings.bundle */; };
/* End PBXBuildFile section */

/* Begin PBXFileReference section */
		2658EDD91C538F280063CE75 /* OpenSettings.app */ = {isa = PBXFileReference; explicitFileType = wrapper.application; includeInIndex = 0; path = OpenSettings.app; sourceTree = BUILT_PRODUCTS_DIR; };
		2658EDDC1C538F280063CE75 /* AppDelegate.swift */ = {isa = PBXFileReference; lastKnownFileType = sourcecode.swift; path = AppDelegate.swift; sourceTree = "<group>"; };
		2658EDDE1C538F280063CE75 /* ViewController.swift */ = {isa = PBXFileReference; lastKnownFileType = sourcecode.swift; path = ViewController.swift; sourceTree = "<group>"; };
		2658EDE11C538F280063CE75 /* Base */ = {isa = PBXFileReference; lastKnownFileType = file.storyboard; name = Base; path = Base.lproj/Main.storyboard; sourceTree = "<group>"; };
		2658EDE31C538F280063CE75 /* Assets.xcassets */ = {isa = PBXFileReference; lastKnownFileType = folder.assetcatalog; path = Assets.xcassets; sourceTree = "<group>"; };
		2658EDE61C538F280063CE75 /* Base */ = {isa = PBXFileReference; lastKnownFileType = file.storyboard; name = Base; path = Base.lproj/LaunchScreen.storyboard; sourceTree = "<group>"; };
		2658EDE81C538F280063CE75 /* Info.plist */ = {isa = PBXFileReference; lastKnownFileType = text.plist.xml; path = Info.plist; sourceTree = "<group>"; };
		2658EDEE1C53A3D30063CE75 /* urldict.plist */ = {isa = PBXFileReference; fileEncoding = 4; lastKnownFileType = text.plist.xml; path = urldict.plist; sourceTree = "<group>"; };
		2658EDF01C5417030063CE75 /* Settings.bundle */ = {isa = PBXFileReference; lastKnownFileType = "wrapper.plug-in"; path = Settings.bundle; sourceTree = "<group>"; };
/* End PBXFileReference section */

/* Begin PBXFrameworksBuildPhase section */
		2658EDD61C538F280063CE75 /* Frameworks */ = {
			isa = PBXFrameworksBuildPhase;
			buildActionMask = 2147483647;
			files = (
			);
			runOnlyForDeploymentPostprocessing = 0;
		};
/* End PBXFrameworksBuildPhase section */

/* Begin PBXGroup section */
		2658EDD01C538F280063CE75 = {
			isa = PBXGroup;
			children = (
				2658EDDB1C538F280063CE75 /* OpenSettings */,
				2658EDDA1C538F280063CE75 /* Products */,
			);
			sourceTree = "<group>";
		};
		2658EDDA1C538F280063CE75 /* Products */ = {
			isa = PBXGroup;
			children = (
				2658EDD91C538F280063CE75 /* OpenSettings.app */,
			);
			name = Products;
			sourceTree = "<group>";
		};
		2658EDDB1C538F280063CE75 /* OpenSettings */ = {
			isa = PBXGroup;
			children = (
				2658EDDC1C538F280063CE75 /* AppDelegate.swift */,
				2658EDDE1C538F280063CE75 /* ViewController.swift */,
				2658EDE01C538F280063CE75 /* Main.storyboard */,
				2658EDE31C538F280063CE75 /* Assets.xcassets */,
				2658EDE51C538F280063CE75 /* LaunchScreen.storyboard */,
				2658EDE81C538F280063CE75 /* Info.plist */,
				2658EDEE1C53A3D30063CE75 /* urldict.plist */,
				2658EDF01C5417030063CE75 /* Settings.bundle */,
			);
			path = OpenSettings;
			sourceTree = "<group>";
		};
/* End PBXGroup section */

/* Begin PBXNativeTarget section */
		2658EDD81C538F280063CE75 /* OpenSettings */ = {
			isa = PBXNativeTarget;
			buildConfigurationList = 2658EDEB1C538F280063CE75 /* Build configuration list for PBXNativeTarget "OpenSettings" */;
			buildPhases = (
				2658EDD51C538F280063CE75 /* Sources */,
				2658EDD61C538F280063CE75 /* Frameworks */,
				2658EDD71C538F280063CE75 /* Resources */,
			);
			buildRules = (
			);
			dependencies = (
			);
			name = OpenSettings;
			productName = OpenSettings;
			productReference = 2658EDD91C538F280063CE75 /* OpenSettings.app */;
			productType = "com.apple.product-type.application";
		};
/* End PBXNativeTarget section */

/* Begin PBXProject section */
		2658EDD11C538F280063CE75 /* Project object */ = {
			isa = PBXProject;
			attributes = {
				LastSwiftUpdateCheck = 0720;
				LastUpgradeCheck = 0720;
				ORGANIZATIONNAME = Hejki;
				TargetAttributes = {
					2658EDD81C538F280063CE75 = {
						CreatedOnToolsVersion = 7.2;
					};
				};
			};
			buildConfigurationList = 2658EDD41C538F280063CE75 /* Build configuration list for PBXProject "OpenSettings" */;
			compatibilityVersion = "Xcode 3.2";
			developmentRegion = English;
			hasScannedForEncodings = 0;
			knownRegions = (
				en,
				Base,
			);
			mainGroup = 2658EDD01C538F280063CE75;
			productRefGroup = 2658EDDA1C538F280063CE75 /* Products */;
			projectDirPath = "";
			projectRoot = "";
			targets = (
				2658EDD81C538F280063CE75 /* OpenSettings */,
			);
		};
/* End PBXProject section */

/* Begin PBXResourcesBuildPhase section */
		2658EDD71C538F280063CE75 /* Resources */ = {
			isa = PBXResourcesBuildPhase;
			buildActionMask = 2147483647;
			files = (
				2658EDE71C538F280063CE75 /* LaunchScreen.storyboard in Resources */,
				2658EDE41C538F280063CE75 /* Assets.xcassets in Resources */,
				2658EDF11C5417030063CE75 /* Settings.bundle in Resources */,
				2658EDEF1C53A3D30063CE75 /* urldict.plist in Resources */,
				2658EDE21C538F280063CE75 /* Main.storyboard in Resources */,
			);
			runOnlyForDeploymentPostprocessing = 0;
		};
/* End PBXResourcesBuildPhase section */

/* Begin PBXSourcesBuildPhase section */
		2658EDD51C538F280063CE75 /* Sources */ = {
			isa = PBXSourcesBuildPhase;
			buildActionMask = 2147483647;
			files = (
				2658EDDF1C538F280063CE75 /* ViewController.swift in Sources */,
				2658EDDD1C538F280063CE75 /* AppDelegate.swift in Sources */,
			);
			runOnlyForDeploymentPostprocessing = 0;
		};
/* End PBXSourcesBuildPhase section */

/* Begin PBXVariantGroup section */
		2658EDE01C538F280063CE75 /* Main.storyboard */ = {
			isa = PBXVariantGroup;
			children = (
				2658EDE11C538F280063CE75 /* Base */,
			);
			name = Main.storyboard;
			sourceTree = "<group>";
		};
		2658EDE51C538F280063CE75 /* LaunchScreen.storyboard */ = {
			isa = PBXVariantGroup;
			children = (
				2658EDE61C538F280063CE75 /* Base */,
			);
			name = LaunchScreen.storyboard;
			sourceTree = "<group>";
		};
/* End PBXVariantGroup section */

/* Begin XCBuildConfiguration section */
		2658EDE91C538F280063CE75 /* Debug */ = {
			isa = XCBuildConfiguration;
			buildSettings = {
				ALWAYS_SEARCH_USER_PATHS = NO;
				CLANG_CXX_LANGUAGE_STANDARD = "gnu++0x";
				CLANG_CXX_LIBRARY = "libc++";
				CLANG_ENABLE_MODULES = YES;
				CLANG_ENABLE_OBJC_ARC = YES;
				CLANG_WARN_BOOL_CONVERSION = YES;
				CLANG_WARN_CONSTANT_CONVERSION = YES;
				CLANG_WARN_DIRECT_OBJC_ISA_USAGE = YES_ERROR;
				CLANG_WARN_EMPTY_BODY = YES;
				CLANG_WARN_ENUM_CONVERSION = YES;
				CLANG_WARN_INT_CONVERSION = YES;
				CLANG_WARN_OBJC_ROOT_CLASS = YES_ERROR;
				CLANG_WARN_UNREACHABLE_CODE = YES;
				CLANG_WARN__DUPLICATE_METHOD_MATCH = YES;
				"CODE_SIGN_IDENTITY[sdk=iphoneos*]" = "iPhone Developer";
				COPY_PHASE_STRIP = NO;
				DEBUG_INFORMATION_FORMAT = dwarf;
				ENABLE_STRICT_OBJC_MSGSEND = YES;
				ENABLE_TESTABILITY = YES;
				GCC_C_LANGUAGE_STANDARD = gnu99;
				GCC_DYNAMIC_NO_PIC = NO;
				GCC_NO_COMMON_BLOCKS = YES;
				GCC_OPTIMIZATION_LEVEL = 0;
				GCC_PREPROCESSOR_DEFINITIONS = (
					"DEBUG=1",
					"$(inherited)",
				);
				GCC_WARN_64_TO_32_BIT_CONVERSION = YES;
				GCC_WARN_ABOUT_RETURN_TYPE = YES_ERROR;
				GCC_WARN_UNDECLARED_SELECTOR = YES;
				GCC_WARN_UNINITIALIZED_AUTOS = YES_AGGRESSIVE;
				GCC_WARN_UNUSED_FUNCTION = YES;
				GCC_WARN_UNUSED_VARIABLE = YES;
				IPHONEOS_DEPLOYMENT_TARGET = 9.2;
				MTL_ENABLE_DEBUG_INFO = YES;
				ONLY_ACTIVE_ARCH = YES;
				SDKROOT = iphoneos;
				SWIFT_OPTIMIZATION_LEVEL = "-Onone";
				TARGETED_DEVICE_FAMILY = 2;
			};
			name = Debug;
		};
		2658EDEA1C538F280063CE75 /* Release */ = {
			isa = XCBuildConfiguration;
			buildSettings = {
				ALWAYS_SEARCH_USER_PATHS = NO;
				CLANG_CXX_LANGUAGE_STANDARD = "gnu++0x";
				CLANG_CXX_LIBRARY = "libc++";
				CLANG_ENABLE_MODULES = YES;
				CLANG_ENABLE_OBJC_ARC = YES;
				CLANG_WARN_BOOL_CONVERSION = YES;
				CLANG_WARN_CONSTANT_CONVERSION = YES;
				CLANG_WARN_DIRECT_OBJC_ISA_USAGE = YES_ERROR;
				CLANG_WARN_EMPTY_BODY = YES;
				CLANG_WARN_ENUM_CONVERSION = YES;
				CLANG_WARN_INT_CONVERSION = YES;
				CLANG_WARN_OBJC_ROOT_CLASS = YES_ERROR;
				CLANG_WARN_UNREACHABLE_CODE = YES;
				CLANG_WARN__DUPLICATE_METHOD_MATCH = YES;
				"CODE_SIGN_IDENTITY[sdk=iphoneos*]" = "iPhone Developer";
				COPY_PHASE_STRIP = NO;
				DEBUG_INFORMATION_FORMAT = "dwarf-with-dsym";
				ENABLE_NS_ASSERTIONS = NO;
				ENABLE_STRICT_OBJC_MSGSEND = YES;
				GCC_C_LANGUAGE_STANDARD = gnu99;
				GCC_NO_COMMON_BLOCKS = YES;
				GCC_WARN_64_TO_32_BIT_CONVERSION = YES;
				GCC_WARN_ABOUT_RETURN_TYPE = YES_ERROR;
				GCC_WARN_UNDECLARED_SELECTOR = YES;
				GCC_WARN_UNINITIALIZED_AUTOS = YES_AGGRESSIVE;
				GCC_WARN_UNUSED_FUNCTION = YES;
				GCC_WARN_UNUSED_VARIABLE = YES;
				IPHONEOS_DEPLOYMENT_TARGET = 9.2;
				MTL_ENABLE_DEBUG_INFO = NO;
				SDKROOT = iphoneos;
				TARGETED_DEVICE_FAMILY = 2;
				VALIDATE_PRODUCT = YES;
			};
			name = Release;
		};
		2658EDEC1C538F280063CE75 /* Debug */ = {
			isa = XCBuildConfiguration;
			buildSettings = {
				ASSETCATALOG_COMPILER_APPICON_NAME = AppIcon;
				INFOPLIST_FILE = OpenSettings/Info.plist;
				LD_RUNPATH_SEARCH_PATHS = "$(inherited) @executable_path/Frameworks";
				PRODUCT_BUNDLE_IDENTIFIER = org.hejki.test.OpenSettings;
				PRODUCT_NAME = "$(TARGET_NAME)";
				TARGETED_DEVICE_FAMILY = "1,2";
			};
			name = Debug;
		};
		2658EDED1C538F280063CE75 /* Release */ = {
			isa = XCBuildConfiguration;
			buildSettings = {
				ASSETCATALOG_COMPILER_APPICON_NAME = AppIcon;
				INFOPLIST_FILE = OpenSettings/Info.plist;
				LD_RUNPATH_SEARCH_PATHS = "$(inherited) @executable_path/Frameworks";
				PRODUCT_BUNDLE_IDENTIFIER = org.hejki.test.OpenSettings;
				PRODUCT_NAME = "$(TARGET_NAME)";
				TARGETED_DEVICE_FAMILY = "1,2";
			};
			name = Release;
		};
/* End XCBuildConfiguration section */

/* Begin XCConfigurationList section */
		2658EDD41C538F280063CE75 /* Build configuration list for PBXProject "OpenSettings" */ = {
			isa = XCConfigurationList;
			buildConfigurations = (
				2658EDE91C538F280063CE75 /* Debug */,
				2658EDEA1C538F280063CE75 /* Release */,
			);
			defaultConfigurationIsVisible = 0;
			defaultConfigurationName = Release;
		};
		2658EDEB1C538F280063CE75 /* Build configuration list for PBXNativeTarget "OpenSettings" */ = {
			isa = XCConfigurationList;
			buildConfigurations = (
				2658EDEC1C538F280063CE75 /* Debug */,
				2658EDED1C538F280063CE75 /* Release */,
			);
			defaultConfigurationIsVisible = 0;
		};
/* End XCConfigurationList section */
	};
	rootObject = 2658EDD11C538F280063CE75 /* Project object */;
}
